{
  "name": "ng-responsive-spa-lib",
  "version": "0.0.2",
  "lockfileVersion": 1,
  "requires": true,
  "dependencies": {
    "@angular/animations": {
      "version": "8.0.2",
      "resolved": "https://registry.npmjs.org/@angular/animations/-/animations-8.0.2.tgz",
      "integrity": "sha512-6buaGp6sgyLWbjioGU0Wp/O9nFEQqD2L18uX5g5P5hdpq0bgopAbBee7AefJ8Kc/Kf79FlaKu9fKP5AEkeC8tA==",
      "requires": {
        "tslib": "^1.9.0"
      }
    },
    "@angular/cdk": {
      "version": "8.0.1",
      "resolved": "https://registry.npmjs.org/@angular/cdk/-/cdk-8.0.1.tgz",
      "integrity": "sha512-Ul7rVU/rr4qGHs1w24P/6MHEosYp8AHRxBHrp/yJ50eHbHVS31FyfO8gKfNqPc1bnL1YoYYCs0hIBwNDaz8uDg==",
      "requires": {
        "parse5": "^5.0.0",
        "tslib": "^1.7.1"
      }
    },
    "@angular/common": {
      "version": "8.0.2",
      "resolved": "https://registry.npmjs.org/@angular/common/-/common-8.0.2.tgz",
      "integrity": "sha512-9lwrKso0XjyS7wu+8dEWa5yN1kCTdbelP6JElFhh0kAt0TbPVHJ/dXEwvIFk9/2MjYv2PbooQo1zsc5kAB2Rlg==",
      "requires": {
        "tslib": "^1.9.0"
      }
    },
    "@angular/core": {
      "version": "8.0.2",
      "resolved": "https://registry.npmjs.org/@angular/core/-/core-8.0.2.tgz",
      "integrity": "sha512-g8BRvGZxTXb5GZ/xoC5Z94DGK3wMiD2jbmEQEbXGNM+c8E/Mo/W8GF44P7EU2d+V1oJoUh75SRK6U/StC+rLqA==",
      "requires": {
        "tslib": "^1.9.0"
      }
    },
    "@angular/flex-layout": {
      "version": "8.0.0-beta.26",
      "resolved": "https://registry.npmjs.org/@angular/flex-layout/-/flex-layout-8.0.0-beta.26.tgz",
      "integrity": "sha512-lXDLlMSNQhidW0grvisIsj/3gqLuYyN2MvABuRYybnFTc233sXGZuOAaulqq663LA0/DP/GNcz6a+A4ZAAlmPA==",
      "requires": {
        "tslib": "^1.7.1"
      }
    },
    "@angular/forms": {
      "version": "8.0.2",
      "resolved": "https://registry.npmjs.org/@angular/forms/-/forms-8.0.2.tgz",
      "integrity": "sha512-LGu3b/wjNMCki5PnMUsfQlyaVZVOedNO+XccfluP4ZBQ5G/E2cz2tJ0UIHg3RhLbbpWntmqokpYLyd7leUPpIQ==",
      "requires": {
        "tslib": "^1.9.0"
      }
    },
    "@angular/material": {
      "version": "8.0.1",
      "resolved": "https://registry.npmjs.org/@angular/material/-/material-8.0.1.tgz",
      "integrity": "sha512-BozIS+9yiqFTfXBoZfhFUibY8meDUcv/e+CxhSHyv3vZw9XVTNTbiaX7tX/FX0Ai+1VKnwRTGrKvPKGFSqynCA==",
      "requires": {
        "tslib": "^1.7.1"
      }
    },
    "@angular/platform-browser": {
      "version": "8.0.2",
      "resolved": "https://registry.npmjs.org/@angular/platform-browser/-/platform-browser-8.0.2.tgz",
      "integrity": "sha512-iUoyhJ81jqvpmQI6Lu5NzRZR8azmnb2kX2FQ+LbwCvWQLfkLbTaa/Jl09/qN6KWpTsMogNQXVnjjgwoeaObvBw==",
      "requires": {
        "tslib": "^1.9.0"
      }
    },
    "@angular/router": {
      "version": "8.0.2",
      "resolved": "https://registry.npmjs.org/@angular/router/-/router-8.0.2.tgz",
      "integrity": "sha512-kgSqkvx3cgY0+ZTzkBVLa0sf0y0Fl7q3N+KX746pbCNjRRGa5gBkN7z+oyPDoG1l0fEiM6NLbFfcmuFwsdBO5w==",
      "requires": {
        "tslib": "^1.9.0"
      }
    },
    "parse5": {
      "version": "5.1.0",
      "resolved": "https://registry.npmjs.org/parse5/-/parse5-5.1.0.tgz",
      "integrity": "sha512-fxNG2sQjHvlVAYmzBZS9YlDp6PTSSDwa98vkD4QgVDDCAo84z5X1t5XyJQ62ImdLXx5NdIIfihey6xpum9/gRQ==",
      "optional": true
    },
    "rxjs": {
      "version": "6.5.2",
      "resolved": "https://registry.npmjs.org/rxjs/-/rxjs-6.5.2.tgz",
      "integrity": "sha512-HUb7j3kvb7p7eCUHE3FqjoDsC1xfZQ4AHFWfTKSpZ+sAhhz5X1WX0ZuUqWbzB2QhSLp3DoLUG+hMdEDKqWo2Zg==",
      "requires": {
        "tslib": "^1.9.0"
      }
    },
    "tslib": {
      "version": "1.10.0",
      "resolved": "https://registry.npmjs.org/tslib/-/tslib-1.10.0.tgz",
      "integrity": "sha512-qOebF53frne81cf0S9B41ByenJ3/IuH8yJKngAX35CmiZySA0khhkovshKK+jGCaMnVomla7gVlIcc3EvKPbTQ=="
    },
    "zone.js": {
      "version": "0.9.1",
      "resolved": "https://registry.npmjs.org/zone.js/-/zone.js-0.9.1.tgz",
      "integrity": "sha512-GkPiJL8jifSrKReKaTZ5jkhrMEgXbXYC+IPo1iquBjayRa0q86w3Dipjn8b415jpitMExe9lV8iTsv8tk3DGag=="
    }
  }
}
